{
    "_meta": {
        "hash": {
            "sha256": "e7dce015a01b26db9c4023fce4ab38d361084ef34e857367fde6c129aa024134"
        },
        "pipfile-spec": 6,
        "requires": {
            "python_version": "3.12"
        },
        "sources": [
            {
                "name": "pypi",
                "url": "https://pypi.org/simple",
                "verify_ssl": true
            }
        ]
    },
    "default": {
        "kazoo": {
            "hashes": [
                "sha256:905796ae4f4c12bd4e4ae92e6e5d018439e6b56c8cfbb24825362e79b230dab1",
                "sha256:de2d69168de432ff66b457a26c727a5bf7ff53af5806653fd1df7f04b6a5483c"
            ],
            "index": "pypi",
            "version": "==2.10.0"
        },
        "six": {
            "hashes": [
                "sha256:1e61c37477a1626458e36f7b1d82aa5c9b094fa4802892072e49de9c60c4c926",
                "sha256:8abb2f1d86890a2dfb989f9a77cfcfd3e47c2a354b01111771326f8aa26e0254"
            ],
            "markers": "python_version >= '2.7' and python_version not in '3.0, 3.1, 3.2, 3.3'",
            "version": "==1.16.0"
        },
        "treelib": {
            "hashes": [
                "sha256:9bff1af416b9e642a6cd0e0431d15edf26a24b8d0c8ae68afbd3801b5e30fb61",
                "sha256:c37795eaba19f73f3e1a905ef3f4f0cab660dc7617126e8ae99391e25c755416"
            ],
            "index": "pypi",
            "version": "==1.7.0"
        }
    },
    "develop": {}
}
