{
    "_meta": {
        "hash": {
            "sha256": "a567f220ac49c29bbd1b3a6e8b0877c0be655f6f0f2cac9dcfb3b397d76953f7"
        },
        "pipfile-spec": 6,
        "requires": {
            "python_version": "3.12"
        },
        "sources": [
            {
                "name": "pypi",
                "url": "https://pypi.org/simple",
                "verify_ssl": true
            }
        ]
    },
    "default": {
        "kazoo": {
            "hashes": [
                "sha256:905796ae4f4c12bd4e4ae92e6e5d018439e6b56c8cfbb24825362e79b230dab1",
                "sha256:de2d69168de432ff66b457a26c727a5bf7ff53af5806653fd1df7f04b6a5483c"
            ],
            "index": "pypi",
            "version": "==2.10.0"
        }
    },
    "develop": {}
}
